
Microsoft Visual Studio Solution File, Format Version 12.00
# Visual Studio Version 17
VisualStudioVersion = 17.9.34714.143
MinimumVisualStudioVersion = 10.0.40219.1
Project("{FAE04EC0-301F-11D3-BF4B-00C04F79EFBC}") = "GestBanque", "GestBanque\GestBanque.csproj", "{96904B00-DC42-4221-9FAD-E7D8337FD6E0}"
EndProject
Project("{FAE04EC0-301F-11D3-BF4B-00C04F79EFBC}") = "Models", "Models\Models.csproj", "{0160D700-B56F-4C94-A4AA-6DCEB053CDE3}"
EndProject
Global
	GlobalSection(SolutionConfigurationPlatforms) = preSolution
		Debug|Any CPU = Debug|Any CPU
		Release|Any CPU = Release|Any CPU
	EndGlobalSection
	GlobalSection(ProjectConfigurationPlatforms) = postSolution
		{96904B00-DC42-4221-9FAD-E7D8337FD6E0}.Debug|Any CPU.ActiveCfg = Debug|Any CPU
		{96904B00-DC42-4221-9FAD-E7D8337FD6E0}.Debug|Any CPU.Build.0 = Debug|Any CPU
		{96904B00-DC42-4221-9FAD-E7D8337FD6E0}.Release|Any CPU.ActiveCfg = Release|Any CPU
		{96904B00-DC42-4221-9FAD-E7D8337FD6E0}.Release|Any CPU.Build.0 = Release|Any CPU
		{0160D700-B56F-4C94-A4AA-6DCEB053CDE3}.Debug|Any CPU.ActiveCfg = Debug|Any CPU
		{0160D700-B56F-4C94-A4AA-6DCEB053CDE3}.Debug|Any CPU.Build.0 = Debug|Any CPU
		{0160D700-B56F-4C94-A4AA-6DCEB053CDE3}.Release|Any CPU.ActiveCfg = Release|Any CPU
		{0160D700-B56F-4C94-A4AA-6DCEB053CDE3}.Release|Any CPU.Build.0 = Release|Any CPU
	EndGlobalSection
	GlobalSection(SolutionProperties) = preSolution
		HideSolutionNode = FALSE
	EndGlobalSection
	GlobalSection(ExtensibilityGlobals) = postSolution
		SolutionGuid = {7663175D-6EF4-4EEC-AF1E-88D5562459CA}
	EndGlobalSection
EndGlobal
